Microsoft Visual Studio Solution File, Format Version 12.00
# Visual Studio Version 17
VisualStudioVersion = 17.5.2.0
MinimumVisualStudioVersion = 10.0.40219.1
Project("{FAE04EC0-301F-11D3-BF4B-00C04F79EFBC}") = "Bowllytics", "Bowllytics.csproj", "{ACED6F6B-B19C-45AF-66D2-07DE6607BEF3}"
EndProject
Global
	GlobalSection(SolutionConfigurationPlatforms) = preSolution
		Debug|Any CPU = Debug|Any CPU
		Release|Any CPU = Release|Any CPU
	EndGlobalSection
	GlobalSection(ProjectConfigurationPlatforms) = postSolution
		{ACED6F6B-B19C-45AF-66D2-07DE6607BEF3}.Debug|Any CPU.ActiveCfg = Debug|Any CPU
		{ACED6F6B-B19C-45AF-66D2-07DE6607BEF3}.Debug|Any CPU.Build.0 = Debug|Any CPU
		{ACED6F6B-B19C-45AF-66D2-07DE6607BEF3}.Release|Any CPU.ActiveCfg = Release|Any CPU
		{ACED6F6B-B19C-45AF-66D2-07DE6607BEF3}.Release|Any CPU.Build.0 = Release|Any CPU
	EndGlobalSection
	GlobalSection(SolutionProperties) = preSolution
		HideSolutionNode = FALSE
	EndGlobalSection
	GlobalSection(ExtensibilityGlobals) = postSolution
		SolutionGuid = {41059B71-083F-4E4C-B8BE-FA6F9D28CEC0}
	EndGlobalSection
EndGlobal
